<?xml version="1.0" encoding="utf-8"?>
<Project ToolsVersion="4.0" xmlns="http://schemas.microsoft.com/developer/msbuild/2003">
  <ItemGroup>
    <Filter Include="Source Files">
      <UniqueIdentifier>{4FC737F1-C7A5-4376-A066-2A32D752A2FF}</UniqueIdentifier>
      <Extensions>cpp;c;cc;cxx;def;odl;idl;hpj;bat;asm;asmx</Extensions>
    </Filter>
    <Filter Include="Header Files">
      <UniqueIdentifier>{93995380-89BD-4b04-88EB-625FBE52EBFB}</UniqueIdentifier>
      <Extensions>h;hh;hpp;hxx;hm;inl;inc;xsd</Extensions>
    </Filter>
    <Filter Include="Resource Files">
      <UniqueIdentifier>{67DA6AB6-F800-4c08-8B7A-83BB121AAD01}</UniqueIdentifier>
      <Extensions>rc;ico;cur;bmp;dlg;rc2;rct;bin;rgs;gif;jpg;jpeg;jpe;resx;tiff;tif;png;wav</Extensions>
    </Filter>
  </ItemGroup>
  <ItemGroup>
    <ClCompile Include="src\Armadura.cpp">
      <Filter>Source Files</Filter>
    </ClCompile>
    <ClCompile Include="src\Equipamento.cpp">
      <Filter>Source Files</Filter>
    </ClCompile>
    <ClCompile Include="src\main.cpp">
      <Filter>Source Files</Filter>
    </ClCompile>
    <ClCompile Include="src\Personagem.cpp">
      <Filter>Source Files</Filter>
    </ClCompile>
    <ClCompile Include="src\Arma.cpp">
      <Filter>Source Files</Filter>
    </ClCompile>
    <ClCompile Include="src\Item.cpp">
      <Filter>Source Files</Filter>
    </ClCompile>
    <ClCompile Include="src\Provisao.cpp">
      <Filter>Source Files</Filter>
    </ClCompile>
    <ClCompile Include="src\ReliquiaMagica.cpp">
      <Filter>Source Files</Filter>
    </ClCompile>
    <ClCompile Include="src\Monstro.cpp">
      <Filter>Source Files</Filter>
    </ClCompile>
  </ItemGroup>
  <ItemGroup>
    <ClInclude Include="include\Armadura.h">
      <Filter>Header Files</Filter>
    </ClInclude>
    <ClInclude Include="include\Equipamento.h">
      <Filter>Header Files</Filter>
    </ClInclude>
    <ClInclude Include="include\Personagem.h">
      <Filter>Header Files</Filter>
    </ClInclude>
    <ClInclude Include="include\Arma.h">
      <Filter>Header Files</Filter>
    </ClInclude>
    <ClInclude Include="include\Item.h">
      <Filter>Header Files</Filter>
    </ClInclude>
    <ClInclude Include="include\Provisao.h">
      <Filter>Header Files</Filter>
    </ClInclude>
    <ClInclude Include="include\ReliquiaMagica.h">
      <Filter>Header Files</Filter>
    </ClInclude>
    <ClInclude Include="include\Monstro.h">
      <Filter>Header Files</Filter>
    </ClInclude>
    <ClInclude Include="include\TelaEstado.h">
      <Filter>Header Files</Filter>
    </ClInclude>
    <ClInclude Include="include\Jogo.h">
      <Filter>Header Files</Filter>
    </ClInclude>
    <ClInclude Include="include\TelaInicial.h">
      <Filter>Header Files</Filter>
    </ClInclude>
    <ClInclude Include="include\TelaInventario.h">
      <Filter>Header Files</Filter>
    </ClInclude>
    <ClInclude Include="include\TelaPadrao.h">
      <Filter>Header Files</Filter>
    </ClInclude>
    <ClInclude Include="include\TelaBatalha.h">
      <Filter>Header Files</Filter>
    </ClInclude>
  </ItemGroup>
</Project>